
Microsoft Visual Studio Solution File, Format Version 12.00
# Visual Studio Version 16
VisualStudioVersion = 16.0.31205.134
MinimumVisualStudioVersion = 10.0.40219.1
Project("{FAE04EC0-301F-11D3-BF4B-00C04F79EFBC}") = "LearnSelenium", "LearnSelenium\LearnSelenium.csproj", "{7EBB762F-3C08-4CFD-9DC5-CD470615C67D}"
EndProject
Global
	GlobalSection(SolutionConfigurationPlatforms) = preSolution
		Debug|Any CPU = Debug|Any CPU
		Release|Any CPU = Release|Any CPU
	EndGlobalSection
	GlobalSection(ProjectConfigurationPlatforms) = postSolution
		{7EBB762F-3C08-4CFD-9DC5-CD470615C67D}.Debug|Any CPU.ActiveCfg = Debug|Any CPU
		{7EBB762F-3C08-4CFD-9DC5-CD470615C67D}.Debug|Any CPU.Build.0 = Debug|Any CPU
		{7EBB762F-3C08-4CFD-9DC5-CD470615C67D}.Release|Any CPU.ActiveCfg = Release|Any CPU
		{7EBB762F-3C08-4CFD-9DC5-CD470615C67D}.Release|Any CPU.Build.0 = Release|Any CPU
	EndGlobalSection
	GlobalSection(SolutionProperties) = preSolution
		HideSolutionNode = FALSE
	EndGlobalSection
	GlobalSection(ExtensibilityGlobals) = postSolution
		SolutionGuid = {4641B965-2EA9-4F0E-98D1-E487BBE316BB}
	EndGlobalSection
EndGlobal
